
Microsoft Visual Studio Solution File, Format Version 12.00
# Visual Studio Version 16
VisualStudioVersion = 16.0.32413.511
MinimumVisualStudioVersion = 10.0.40219.1
Project("{FAE04EC0-301F-11D3-BF4B-00C04F79EFBC}") = "Web_School", "Web_School\Web_School.csproj", "{F4F0E573-05B7-4ED2-9F7D-0FD53C7BA21C}"
EndProject
Global
	GlobalSection(SolutionConfigurationPlatforms) = preSolution
		Debug|Any CPU = Debug|Any CPU
		Release|Any CPU = Release|Any CPU
	EndGlobalSection
	GlobalSection(ProjectConfigurationPlatforms) = postSolution
		{F4F0E573-05B7-4ED2-9F7D-0FD53C7BA21C}.Debug|Any CPU.ActiveCfg = Debug|Any CPU
		{F4F0E573-05B7-4ED2-9F7D-0FD53C7BA21C}.Debug|Any CPU.Build.0 = Debug|Any CPU
		{F4F0E573-05B7-4ED2-9F7D-0FD53C7BA21C}.Release|Any CPU.ActiveCfg = Release|Any CPU
		{F4F0E573-05B7-4ED2-9F7D-0FD53C7BA21C}.Release|Any CPU.Build.0 = Release|Any CPU
	EndGlobalSection
	GlobalSection(SolutionProperties) = preSolution
		HideSolutionNode = FALSE
	EndGlobalSection
	GlobalSection(ExtensibilityGlobals) = postSolution
		SolutionGuid = {874FE7A0-341D-4A68-90A3-02CE5ABDF720}
	EndGlobalSection
EndGlobal
